# This file is automatically @generated by Cargo.
# It is not intended for manual editing.
version = 4

[[package]]
name = "ucn-adapter"
version = "0.0.0"
dependencies = [
 "ucn-types",
]

[[package]]
name = "ucn-admission"
version = "0.0.0"
dependencies = [
 "ucn-identity",
 "ucn-owner",
 "ucn-persistence",
 "ucn-types",
]

[[package]]
name = "ucn-capability"
version = "0.0.0"
dependencies = [
 "ucn-owner",
 "ucn-persistence",
 "ucn-security",
 "ucn-types",
]

[[package]]
name = "ucn-core"
version = "0.0.0"
dependencies = [
 "ucn-adapter",
 "ucn-owner",
 "ucn-types",
 "ucn-wire",
]

[[package]]
name = "ucn-identity"
version = "0.0.0"
dependencies = [
 "ucn-owner",
 "ucn-persistence",
 "ucn-types",
]

[[package]]
name = "ucn-owner"
version = "0.0.0"
dependencies = [
 "ucn-types",
]

[[package]]
name = "ucn-persistence"
version = "0.0.0"
dependencies = [
 "ucn-owner",
 "ucn-types",
]

[[package]]
name = "ucn-security"
version = "0.0.0"
dependencies = [
 "ucn-owner",
 "ucn-persistence",
 "ucn-types",
 "ucn-wire",
]

[[package]]
name = "ucn-types"
version = "0.0.0"

[[package]]
name = "ucn-wire"
version = "0.0.0"
dependencies = [
 "ucn-types",
]
